<?xml version="1.0" encoding="utf-8"?>
<Project ToolsVersion="4.0" xmlns="http://schemas.microsoft.com/developer/msbuild/2003">
  <ItemGroup>
    <Filter Include="Source Files">
      <UniqueIdentifier>{4FC737F1-C7A5-4376-A066-2A32D752A2FF}</UniqueIdentifier>
      <Extensions>cpp;c;cc;cxx;def;odl;idl;hpj;bat;asm;asmx</Extensions>
    </Filter>
    <Filter Include="Header Files">
      <UniqueIdentifier>{93995380-89BD-4b04-88EB-625FBE52EBFB}</UniqueIdentifier>
      <Extensions>h;hh;hpp;hxx;hm;inl;inc;xsd</Extensions>
    </Filter>
    <Filter Include="Resource Files">
      <UniqueIdentifier>{67DA6AB6-F800-4c08-8B7A-83BB121AAD01}</UniqueIdentifier>
      <Extensions>rc;ico;cur;bmp;dlg;rc2;rct;bin;rgs;gif;jpg;jpeg;jpe;resx;tiff;tif;png;wav;mfcribbon-ms</Extensions>
    </Filter>
    <Filter Include="Header Files\core">
      <UniqueIdentifier>{5d4f47ca-1470-4775-abfd-6bcf8782266b}</UniqueIdentifier>
    </Filter>
    <Filter Include="Header Files\thirdparty">
      <UniqueIdentifier>{04e4a584-8710-4a24-9f2b-8eb9a37badc9}</UniqueIdentifier>
    </Filter>
    <Filter Include="Source Files\core">
      <UniqueIdentifier>{98887d7a-fa79-4c35-a7e2-b27056b36fe8}</UniqueIdentifier>
    </Filter>
    <Filter Include="Source Files\thirdparty">
      <UniqueIdentifier>{a83ae37e-0212-4c1d-9006-e2be47168de1}</UniqueIdentifier>
    </Filter>
  </ItemGroup>
  <ItemGroup>
    <ClInclude Include="..\include\core\Gui.h">
      <Filter>Header Files\core</Filter>
    </ClInclude>
    <ClInclude Include="..\include\core\IScene.h">
      <Filter>Header Files\core</Filter>
    </ClInclude>
    <ClInclude Include="..\include\core\pch.h">
      <Filter>Header Files\core</Filter>
    </ClInclude>
    <ClInclude Include="..\include\core\SceneManager.h">
      <Filter>Header Files\core</Filter>
    </ClInclude>
    <ClInclude Include="..\include\core\Shader.h">
      <Filter>Header Files\core</Filter>
    </ClInclude>
    <ClInclude Include="..\include\core\Surface.h">
      <Filter>Header Files\core</Filter>
    </ClInclude>
    <ClInclude Include="..\include\core\Texture.h">
      <Filter>Header Files\core</Filter>
    </ClInclude>
    <ClInclude Include="..\include\core\Utils.h">
      <Filter>Header Files\core</Filter>
    </ClInclude>
    <ClInclude Include="..\include\core\BasicMesh.h">
      <Filter>Header Files\core</Filter>
    </ClInclude>
    <ClInclude Include="..\include\thirdparty\fontstash.h">
      <Filter>Header Files\thirdparty</Filter>
    </ClInclude>
    <ClInclude Include="..\include\thirdparty\imconfig.h">
      <Filter>Header Files\thirdparty</Filter>
    </ClInclude>
    <ClInclude Include="..\include\thirdparty\imgui.h">
      <Filter>Header Files\thirdparty</Filter>
    </ClInclude>
    <ClInclude Include="..\include\thirdparty\imgui_internal.h">
      <Filter>Header Files\thirdparty</Filter>
    </ClInclude>
    <ClInclude Include="..\include\thirdparty\nanovg.h">
      <Filter>Header Files\thirdparty</Filter>
    </ClInclude>
    <ClInclude Include="..\include\thirdparty\nanovg_gl.h">
      <Filter>Header Files\thirdparty</Filter>
    </ClInclude>
    <ClInclude Include="..\include\thirdparty\nanovg_gl_utils.h">
      <Filter>Header Files\thirdparty</Filter>
    </ClInclude>
    <ClInclude Include="..\include\thirdparty\stb_image.h">
      <Filter>Header Files\thirdparty</Filter>
    </ClInclude>
    <ClInclude Include="..\include\thirdparty\stb_rect_pack.h">
      <Filter>Header Files\thirdparty</Filter>
    </ClInclude>
    <ClInclude Include="..\include\thirdparty\stb_textedit.h">
      <Filter>Header Files\thirdparty</Filter>
    </ClInclude>
    <ClInclude Include="..\include\thirdparty\stb_truetype.h">
      <Filter>Header Files\thirdparty</Filter>
    </ClInclude>
    <ClInclude Include="..\include\thirdparty\glad\glad.h">
      <Filter>Header Files\thirdparty</Filter>
    </ClInclude>
    <ClInclude Include="..\include\thirdparty\KHR\khrplatform.h">
      <Filter>Header Files\thirdparty</Filter>
    </ClInclude>
    <ClInclude Include="..\include\App.h">
      <Filter>Header Files</Filter>
    </ClInclude>
  </ItemGroup>
  <ItemGroup>
    <ClCompile Include="..\src\App.cc">
      <Filter>Source Files</Filter>
    </ClCompile>
    <ClCompile Include="..\src\core\Gui.cc">
      <Filter>Source Files\core</Filter>
    </ClCompile>
    <ClCompile Include="..\src\core\main.cc">
      <Filter>Source Files\core</Filter>
    </ClCompile>
    <ClCompile Include="..\src\core\SceneManager.cc">
      <Filter>Source Files\core</Filter>
    </ClCompile>
    <ClCompile Include="..\src\core\Shader.cc">
      <Filter>Source Files\core</Filter>
    </ClCompile>
    <ClCompile Include="..\src\core\Surface.cc">
      <Filter>Source Files\core</Filter>
    </ClCompile>
    <ClCompile Include="..\src\core\Texture.cc">
      <Filter>Source Files\core</Filter>
    </ClCompile>
    <ClCompile Include="..\src\core\Utils.cc">
      <Filter>Source Files\core</Filter>
    </ClCompile>
    <ClCompile Include="..\src\core\BasicMesh.cc">
      <Filter>Source Files\core</Filter>
    </ClCompile>
    <ClCompile Include="..\src\thirdparty\glad.cc">
      <Filter>Source Files\thirdparty</Filter>
    </ClCompile>
    <ClCompile Include="..\src\thirdparty\imgui.cc">
      <Filter>Source Files\thirdparty</Filter>
    </ClCompile>
    <ClCompile Include="..\src\thirdparty\imgui_demo.cc">
      <Filter>Source Files\thirdparty</Filter>
    </ClCompile>
    <ClCompile Include="..\src\thirdparty\imgui_draw.cc">
      <Filter>Source Files\thirdparty</Filter>
    </ClCompile>
    <ClCompile Include="..\src\thirdparty\nanovg.cc">
      <Filter>Source Files\thirdparty</Filter>
    </ClCompile>
  </ItemGroup>
</Project>