<?xml version="1.0" encoding="utf-8"?>
<Project ToolsVersion="4.0" xmlns="http://schemas.microsoft.com/developer/msbuild/2003">
  <ItemGroup>
    <Filter Include="Source Files">
      <UniqueIdentifier>{4FC737F1-C7A5-4376-A066-2A32D752A2FF}</UniqueIdentifier>
      <Extensions>cpp;c;cc;cxx;def;odl;idl;hpj;bat;asm;asmx</Extensions>
    </Filter>
    <Filter Include="Header Files">
      <UniqueIdentifier>{93995380-89BD-4b04-88EB-625FBE52EBFB}</UniqueIdentifier>
      <Extensions>h;hh;hpp;hxx;hm;inl;inc;xsd</Extensions>
    </Filter>
    <Filter Include="Resource Files">
      <UniqueIdentifier>{67DA6AB6-F800-4c08-8B7A-83BB121AAD01}</UniqueIdentifier>
      <Extensions>rc;ico;cur;bmp;dlg;rc2;rct;bin;rgs;gif;jpg;jpeg;jpe;resx;tiff;tif;png;wav;mfcribbon-ms</Extensions>
    </Filter>
    <Filter Include="Header Files\utils">
      <UniqueIdentifier>{69af53e6-d55b-4327-8398-9135fd07d6da}</UniqueIdentifier>
    </Filter>
    <Filter Include="Source Files\utils">
      <UniqueIdentifier>{3c272bdc-fa24-4eef-8281-dafe87e50c21}</UniqueIdentifier>
    </Filter>
    <Filter Include="Source Files\utils\imgui">
      <UniqueIdentifier>{bd3a1e5d-7b85-4121-acc2-efe5c931c882}</UniqueIdentifier>
    </Filter>
    <Filter Include="Header Files\utils\imgui">
      <UniqueIdentifier>{69f428fb-728a-4e7d-a874-037a0dd4da18}</UniqueIdentifier>
    </Filter>
  </ItemGroup>
  <ItemGroup>
    <ClCompile Include="..\src\App.cc">
      <Filter>Source Files</Filter>
    </ClCompile>
    <ClCompile Include="..\src\main.cc">
      <Filter>Source Files</Filter>
    </ClCompile>
    <ClCompile Include="..\src\Scene.cc">
      <Filter>Source Files</Filter>
    </ClCompile>
    <ClCompile Include="..\src\ShaderSrc.cc">
      <Filter>Source Files</Filter>
    </ClCompile>
    <ClCompile Include="..\src\utils\Texture.cc">
      <Filter>Source Files\utils</Filter>
    </ClCompile>
    <ClCompile Include="..\src\utils\Surface.cc">
      <Filter>Source Files\utils</Filter>
    </ClCompile>
    <ClCompile Include="..\src\utils\Shader.cc">
      <Filter>Source Files\utils</Filter>
    </ClCompile>
    <ClCompile Include="..\src\utils\RenderPass.cc">
      <Filter>Source Files\utils</Filter>
    </ClCompile>
    <ClCompile Include="..\src\utils\imgui\imgui.cc">
      <Filter>Source Files\utils\imgui</Filter>
    </ClCompile>
    <ClCompile Include="..\src\utils\Gui.cc">
      <Filter>Source Files\utils</Filter>
    </ClCompile>
    <ClCompile Include="..\src\utils\BasicMesh.cc">
      <Filter>Source Files\utils</Filter>
    </ClCompile>
  </ItemGroup>
  <ItemGroup>
    <ClInclude Include="..\include\App.h">
      <Filter>Header Files</Filter>
    </ClInclude>
    <ClInclude Include="..\include\pch.hpp">
      <Filter>Header Files</Filter>
    </ClInclude>
    <ClInclude Include="..\include\Scene.h">
      <Filter>Header Files</Filter>
    </ClInclude>
    <ClInclude Include="..\include\ShaderSrc.h">
      <Filter>Header Files</Filter>
    </ClInclude>
    <ClInclude Include="..\include\utils\RenderPass.h">
      <Filter>Header Files\utils</Filter>
    </ClInclude>
    <ClInclude Include="..\include\utils\Shader.h">
      <Filter>Header Files\utils</Filter>
    </ClInclude>
    <ClInclude Include="..\include\utils\Surface.h">
      <Filter>Header Files\utils</Filter>
    </ClInclude>
    <ClInclude Include="..\include\utils\Texture.h">
      <Filter>Header Files\utils</Filter>
    </ClInclude>
    <ClInclude Include="..\include\utils\imgui\imconfig.h">
      <Filter>Header Files\utils\imgui</Filter>
    </ClInclude>
    <ClInclude Include="..\include\utils\imgui\imgui.h">
      <Filter>Header Files\utils\imgui</Filter>
    </ClInclude>
    <ClInclude Include="..\include\utils\imgui\stb_image.h">
      <Filter>Header Files\utils\imgui</Filter>
    </ClInclude>
    <ClInclude Include="..\include\utils\imgui\stb_textedit.h">
      <Filter>Header Files\utils\imgui</Filter>
    </ClInclude>
    <ClInclude Include="..\include\utils\Gui.h">
      <Filter>Header Files\utils</Filter>
    </ClInclude>
    <ClInclude Include="..\include\utils\BasicMesh.h">
      <Filter>Header Files\utils</Filter>
    </ClInclude>
  </ItemGroup>
</Project>